
Microsoft Visual Studio Solution File, Format Version 12.00
# Visual Studio Version 17
VisualStudioVersion = 17.9.34714.143
MinimumVisualStudioVersion = 10.0.40219.1
Project("{FAE04EC0-301F-11D3-BF4B-00C04F79EFBC}") = "Intro_ASP.NET", "Intro_ASP.NET\Intro_ASP.NET.csproj", "{EDC26172-FF39-451B-8F38-8B9730267C9A}"
EndProject
Global
	GlobalSection(SolutionConfigurationPlatforms) = preSolution
		Debug|Any CPU = Debug|Any CPU
		Release|Any CPU = Release|Any CPU
	EndGlobalSection
	GlobalSection(ProjectConfigurationPlatforms) = postSolution
		{EDC26172-FF39-451B-8F38-8B9730267C9A}.Debug|Any CPU.ActiveCfg = Debug|Any CPU
		{EDC26172-FF39-451B-8F38-8B9730267C9A}.Debug|Any CPU.Build.0 = Debug|Any CPU
		{EDC26172-FF39-451B-8F38-8B9730267C9A}.Release|Any CPU.ActiveCfg = Release|Any CPU
		{EDC26172-FF39-451B-8F38-8B9730267C9A}.Release|Any CPU.Build.0 = Release|Any CPU
	EndGlobalSection
	GlobalSection(SolutionProperties) = preSolution
		HideSolutionNode = FALSE
	EndGlobalSection
	GlobalSection(ExtensibilityGlobals) = postSolution
		SolutionGuid = {9E2C5402-C271-42AA-BCFB-6BEBDF3E5908}
	EndGlobalSection
EndGlobal
